
Microsoft Visual Studio Solution File, Format Version 12.00
# Visual Studio Version 17
VisualStudioVersion = 17.9.34728.123
MinimumVisualStudioVersion = 10.0.40219.1
Project("{FAE04EC0-301F-11D3-BF4B-00C04F79EFBC}") = "MyTodoList", "MyTodoList\MyTodoList.csproj", "{0449A455-2333-462C-BAC5-C9D5B59AB97B}"
EndProject
Global
	GlobalSection(SolutionConfigurationPlatforms) = preSolution
		Debug|Any CPU = Debug|Any CPU
		Release|Any CPU = Release|Any CPU
	EndGlobalSection
	GlobalSection(ProjectConfigurationPlatforms) = postSolution
		{0449A455-2333-462C-BAC5-C9D5B59AB97B}.Debug|Any CPU.ActiveCfg = Debug|Any CPU
		{0449A455-2333-462C-BAC5-C9D5B59AB97B}.Debug|Any CPU.Build.0 = Debug|Any CPU
		{0449A455-2333-462C-BAC5-C9D5B59AB97B}.Release|Any CPU.ActiveCfg = Release|Any CPU
		{0449A455-2333-462C-BAC5-C9D5B59AB97B}.Release|Any CPU.Build.0 = Release|Any CPU
	EndGlobalSection
	GlobalSection(SolutionProperties) = preSolution
		HideSolutionNode = FALSE
	EndGlobalSection
	GlobalSection(ExtensibilityGlobals) = postSolution
		SolutionGuid = {2D86FB86-0459-4BB4-BA68-0EEC5A847A46}
	EndGlobalSection
EndGlobal
